<?xml version="1.0" encoding="utf-8"?>
<Project ToolsVersion="4.0" xmlns="http://schemas.microsoft.com/developer/msbuild/2003">
  <ItemGroup>
    <Filter Include="Source Files">
      <UniqueIdentifier>{4FC737F1-C7A5-4376-A066-2A32D752A2FF}</UniqueIdentifier>
      <Extensions>cpp;c;cc;cxx;def;odl;idl;hpj;bat;asm;asmx</Extensions>
    </Filter>
    <Filter Include="Header Files">
      <UniqueIdentifier>{93995380-89BD-4b04-88EB-625FBE52EBFB}</UniqueIdentifier>
      <Extensions>h;hh;hpp;hxx;hm;inl;inc;ipp;xsd</Extensions>
    </Filter>
    <Filter Include="Resource Files">
      <UniqueIdentifier>{67DA6AB6-F800-4c08-8B7A-83BB121AAD01}</UniqueIdentifier>
      <Extensions>rc;ico;cur;bmp;dlg;rc2;rct;bin;rgs;gif;jpg;jpeg;jpe;resx;tiff;tif;png;wav;mfcribbon-ms</Extensions>
    </Filter>
    <Filter Include="Header Files\NFWindow">
      <UniqueIdentifier>{8ba2eb9b-05d2-4935-ba02-434bcdbee907}</UniqueIdentifier>
    </Filter>
    <Filter Include="Source Files\NFWindow">
      <UniqueIdentifier>{62b702d0-62a3-4452-9eaa-31f1fd4f587d}</UniqueIdentifier>
    </Filter>
    <Filter Include="Header Files\NFCore">
      <UniqueIdentifier>{30a901a4-8169-4519-af53-24ef480d650a}</UniqueIdentifier>
    </Filter>
    <Filter Include="Source Files\NFCore">
      <UniqueIdentifier>{34060d5d-9336-4266-add6-830ba204396f}</UniqueIdentifier>
    </Filter>
    <Filter Include="Header Files\NFUtility">
      <UniqueIdentifier>{8811d236-a2bb-4b16-8552-52f3ffa1c2de}</UniqueIdentifier>
    </Filter>
    <Filter Include="Source Files\NFUtility">
      <UniqueIdentifier>{392cb6cf-88a8-475c-8b51-a7e44ff9c5eb}</UniqueIdentifier>
    </Filter>
  </ItemGroup>
  <ItemGroup>
    <ClCompile Include="SourceFiles\NFMain.cpp">
      <Filter>Source Files</Filter>
    </ClCompile>
    <ClCompile Include="SourceFiles\NFCore\NFEngine.cpp">
      <Filter>Source Files\NFCore</Filter>
    </ClCompile>
    <ClCompile Include="SourceFiles\NFCore\NFInput.cpp">
      <Filter>Source Files\NFCore</Filter>
    </ClCompile>
    <ClCompile Include="SourceFiles\NFCore\NFRender.cpp">
      <Filter>Source Files\NFCore</Filter>
    </ClCompile>
    <ClCompile Include="SourceFiles\NFWindow\NFWindow.cpp">
      <Filter>Source Files\NFWindow</Filter>
    </ClCompile>
    <ClCompile Include="SourceFiles\NFUtility\NFGlobalConfig.cpp">
      <Filter>Source Files\NFUtility</Filter>
    </ClCompile>
  </ItemGroup>
  <ItemGroup>
    <ClInclude Include="HeadFiles\NFCore\NFEngine.h">
      <Filter>Header Files\NFCore</Filter>
    </ClInclude>
    <ClInclude Include="HeadFiles\NFCore\NFInclude.h">
      <Filter>Header Files\NFCore</Filter>
    </ClInclude>
    <ClInclude Include="HeadFiles\NFCore\NFInput.h">
      <Filter>Header Files\NFCore</Filter>
    </ClInclude>
    <ClInclude Include="HeadFiles\NFCore\NFInterface.h">
      <Filter>Header Files\NFCore</Filter>
    </ClInclude>
    <ClInclude Include="HeadFiles\NFCore\NFRender.h">
      <Filter>Header Files\NFCore</Filter>
    </ClInclude>
    <ClInclude Include="HeadFiles\NFWindow\NFWindow.h">
      <Filter>Header Files\NFWindow</Filter>
    </ClInclude>
    <ClInclude Include="HeadFiles\NFUtility\NFUtility.h">
      <Filter>Header Files\NFUtility</Filter>
    </ClInclude>
    <ClInclude Include="HeadFiles\NFUtility\NFGlobalConfig.h">
      <Filter>Header Files\NFUtility</Filter>
    </ClInclude>
  </ItemGroup>
</Project>