<?xml version="1.0" encoding="utf-8"?>
<Project ToolsVersion="4.0" xmlns="http://schemas.microsoft.com/developer/msbuild/2003">
  <ItemGroup>
    <Filter Include="Source Files">
      <UniqueIdentifier>{4FC737F1-C7A5-4376-A066-2A32D752A2FF}</UniqueIdentifier>
      <Extensions>cpp;c;cc;cxx;def;odl;idl;hpj;bat;asm;asmx</Extensions>
    </Filter>
    <Filter Include="Header Files">
      <UniqueIdentifier>{93995380-89BD-4b04-88EB-625FBE52EBFB}</UniqueIdentifier>
      <Extensions>h;hh;hpp;hxx;hm;inl;inc;ipp;xsd</Extensions>
    </Filter>
    <Filter Include="Resource Files">
      <UniqueIdentifier>{67DA6AB6-F800-4c08-8B7A-83BB121AAD01}</UniqueIdentifier>
      <Extensions>rc;ico;cur;bmp;dlg;rc2;rct;bin;rgs;gif;jpg;jpeg;jpe;resx;tiff;tif;png;wav;mfcribbon-ms</Extensions>
    </Filter>
    <Filter Include="Header Files\NFWindow">
      <UniqueIdentifier>{92da240c-3968-466f-ad9a-112c7154cde1}</UniqueIdentifier>
    </Filter>
    <Filter Include="Source Files\NFWindow">
      <UniqueIdentifier>{84f9dc06-1e33-4592-9acd-0c41eab7108a}</UniqueIdentifier>
    </Filter>
    <Filter Include="Header Files\NFDXRender">
      <UniqueIdentifier>{6886ea97-e2f8-4030-b781-d007a913e538}</UniqueIdentifier>
    </Filter>
    <Filter Include="Source Files\NFDXRender">
      <UniqueIdentifier>{83578e71-f8c4-4cc6-8f3b-2110a0d56495}</UniqueIdentifier>
    </Filter>
    <Filter Include="Header Files\NFCommon">
      <UniqueIdentifier>{d763e10d-bf60-43aa-beb6-bf3e655e97f7}</UniqueIdentifier>
    </Filter>
    <Filter Include="Source Files\NFCommon">
      <UniqueIdentifier>{51f14c46-b4f7-4ca6-8e50-9cf6a7487110}</UniqueIdentifier>
    </Filter>
    <Filter Include="Header Files\NFShader">
      <UniqueIdentifier>{55a632ee-34e5-4751-a54e-012c6fe91bae}</UniqueIdentifier>
    </Filter>
    <Filter Include="Source Files\NFShader">
      <UniqueIdentifier>{81329aa4-9914-4c6f-9257-63318a6c53ea}</UniqueIdentifier>
    </Filter>
    <Filter Include="Header Files\NFBuffer">
      <UniqueIdentifier>{b76a5350-7336-4360-87fe-6dacdb076835}</UniqueIdentifier>
    </Filter>
    <Filter Include="Shader Files">
      <UniqueIdentifier>{b74117b2-c19a-45ef-88df-506c745cb8aa}</UniqueIdentifier>
    </Filter>
    <Filter Include="Header Files\NFMesh">
      <UniqueIdentifier>{06d7eb10-3538-4a49-a883-c4222f40f62f}</UniqueIdentifier>
    </Filter>
    <Filter Include="Source Files\NFMesh">
      <UniqueIdentifier>{20f970a4-a9c8-4715-9fe9-854a306c0a4a}</UniqueIdentifier>
    </Filter>
  </ItemGroup>
  <ItemGroup>
    <ClCompile Include="Main.cpp">
      <Filter>Source Files</Filter>
    </ClCompile>
    <ClCompile Include="SourceFiles\NFWindow\NFWindow.cpp">
      <Filter>Source Files\NFWindow</Filter>
    </ClCompile>
    <ClCompile Include="SourceFiles\NFDXRender\NFDXRender.cpp">
      <Filter>Source Files\NFDXRender</Filter>
    </ClCompile>
    <ClCompile Include="SourceFiles\NFCommon\NFUtility.cpp">
      <Filter>Source Files\NFCommon</Filter>
    </ClCompile>
    <ClCompile Include="SourceFiles\NFShader\NFShaderManager.cpp">
      <Filter>Source Files\NFShader</Filter>
    </ClCompile>
    <ClCompile Include="SourceFiles\NFShader\NFCommonShader.cpp">
      <Filter>Source Files\NFShader</Filter>
    </ClCompile>
    <ClCompile Include="SourceFiles\NFMesh\NFMesh.cpp">
      <Filter>Source Files\NFMesh</Filter>
    </ClCompile>
  </ItemGroup>
  <ItemGroup>
    <ClInclude Include="HeadFiles\NFWindow\NFWindow.h">
      <Filter>Header Files\NFWindow</Filter>
    </ClInclude>
    <ClInclude Include="HeadFiles\NFDXRender\NFDXRender.h">
      <Filter>Header Files\NFDXRender</Filter>
    </ClInclude>
    <ClInclude Include="HeadFiles\NFCommon\NFCommonInclude.h">
      <Filter>Header Files\NFCommon</Filter>
    </ClInclude>
    <ClInclude Include="HeadFiles\NFCommon\NFSetting.h">
      <Filter>Header Files\NFCommon</Filter>
    </ClInclude>
    <ClInclude Include="HeadFiles\NFCommon\NFUtility.h">
      <Filter>Header Files\NFCommon</Filter>
    </ClInclude>
    <ClInclude Include="HeadFiles\NFShader\NFShaderManager.h">
      <Filter>Header Files\NFShader</Filter>
    </ClInclude>
    <ClInclude Include="HeadFiles\NFShader\NFCommonShader.h">
      <Filter>Header Files\NFShader</Filter>
    </ClInclude>
    <ClInclude Include="HeadFiles\NFBuffer\NFUploadBuffer.h">
      <Filter>Header Files\NFBuffer</Filter>
    </ClInclude>
    <ClInclude Include="HeadFiles\NFMesh\NFMesh.h">
      <Filter>Header Files\NFMesh</Filter>
    </ClInclude>
  </ItemGroup>
</Project>